// !$*UTF8*$!
{
	archiveVersion = 1;
	classes = {
	};
	objectVersion = 46;
	objects = {

/* Begin PBXBuildFile section */
		EE60AD301D9037F3008B049A /* Friend.m in Sources */ = {isa = PBXBuildFile; fileRef = EE60AD2F1D9037F3008B049A /* Friend.m */; };
		EE60AD331D903987008B049A /* SearchViewController.m in Sources */ = {isa = PBXBuildFile; fileRef = EE60AD321D903987008B049A /* SearchViewController.m */; };
		EE60AD361D903B06008B049A /* DetailViewController.m in Sources */ = {isa = PBXBuildFile; fileRef = EE60AD351D903B06008B049A /* DetailViewController.m */; };
		EE60AD3A1D903EF6008B049A /* luke.png in Resources */ = {isa = PBXBuildFile; fileRef = EE60AD391D903EF6008B049A /* luke.png */; };
		EE60AD3C1D903F0F008B049A /* Main.storyboard in Resources */ = {isa = PBXBuildFile; fileRef = EE60AD3B1D903F0F008B049A /* Main.storyboard */; };
		EEDE31761D526F1E001B4F89 /* main.m in Sources */ = {isa = PBXBuildFile; fileRef = EEDE31751D526F1E001B4F89 /* main.m */; };
		EEDE31791D526F1E001B4F89 /* AppDelegate.m in Sources */ = {isa = PBXBuildFile; fileRef = EEDE31781D526F1E001B4F89 /* AppDelegate.m */; };
		EEDE31811D526F1E001B4F89 /* Assets.xcassets in Resources */ = {isa = PBXBuildFile; fileRef = EEDE31801D526F1E001B4F89 /* Assets.xcassets */; };
		EEDE31841D526F1E001B4F89 /* LaunchScreen.storyboard in Resources */ = {isa = PBXBuildFile; fileRef = EEDE31821D526F1E001B4F89 /* LaunchScreen.storyboard */; };
		EEDE318D1D526F54001B4F89 /* FriendsTableViewController.m in Sources */ = {isa = PBXBuildFile; fileRef = EEDE318C1D526F54001B4F89 /* FriendsTableViewController.m */; };
		EEDE31901D5271BE001B4F89 /* APIController.m in Sources */ = {isa = PBXBuildFile; fileRef = EEDE318F1D5271BE001B4F89 /* APIController.m */; };
/* End PBXBuildFile section */

/* Begin PBXFileReference section */
		EE60AD2E1D9037F3008B049A /* Friend.h */ = {isa = PBXFileReference; fileEncoding = 4; lastKnownFileType = sourcecode.c.h; path = Friend.h; sourceTree = "<group>"; };
		EE60AD2F1D9037F3008B049A /* Friend.m */ = {isa = PBXFileReference; fileEncoding = 4; lastKnownFileType = sourcecode.c.objc; path = Friend.m; sourceTree = "<group>"; };
		EE60AD311D903987008B049A /* SearchViewController.h */ = {isa = PBXFileReference; fileEncoding = 4; lastKnownFileType = sourcecode.c.h; path = SearchViewController.h; sourceTree = "<group>"; };
		EE60AD321D903987008B049A /* SearchViewController.m */ = {isa = PBXFileReference; fileEncoding = 4; lastKnownFileType = sourcecode.c.objc; path = SearchViewController.m; sourceTree = "<group>"; };
		EE60AD341D903B06008B049A /* DetailViewController.h */ = {isa = PBXFileReference; fileEncoding = 4; lastKnownFileType = sourcecode.c.h; path = DetailViewController.h; sourceTree = "<group>"; };
		EE60AD351D903B06008B049A /* DetailViewController.m */ = {isa = PBXFileReference; fileEncoding = 4; lastKnownFileType = sourcecode.c.objc; path = DetailViewController.m; sourceTree = "<group>"; };
		EE60AD391D903EF6008B049A /* luke.png */ = {isa = PBXFileReference; lastKnownFileType = image.png; name = luke.png; path = ../luke.png; sourceTree = "<group>"; };
		EE60AD3B1D903F0F008B049A /* Main.storyboard */ = {isa = PBXFileReference; fileEncoding = 4; lastKnownFileType = file.storyboard; path = Main.storyboard; sourceTree = "<group>"; };
		EEDE31711D526F1E001B4F89 /* GithubFriends.app */ = {isa = PBXFileReference; explicitFileType = wrapper.application; includeInIndex = 0; path = GithubFriends.app; sourceTree = BUILT_PRODUCTS_DIR; };
		EEDE31751D526F1E001B4F89 /* main.m */ = {isa = PBXFileReference; lastKnownFileType = sourcecode.c.objc; path = main.m; sourceTree = "<group>"; };
		EEDE31771D526F1E001B4F89 /* AppDelegate.h */ = {isa = PBXFileReference; lastKnownFileType = sourcecode.c.h; path = AppDelegate.h; sourceTree = "<group>"; };
		EEDE31781D526F1E001B4F89 /* AppDelegate.m */ = {isa = PBXFileReference; lastKnownFileType = sourcecode.c.objc; path = AppDelegate.m; sourceTree = "<group>"; };
		EEDE31801D526F1E001B4F89 /* Assets.xcassets */ = {isa = PBXFileReference; lastKnownFileType = folder.assetcatalog; path = Assets.xcassets; sourceTree = "<group>"; };
		EEDE31831D526F1E001B4F89 /* Base */ = {isa = PBXFileReference; lastKnownFileType = file.storyboard; name = Base; path = Base.lproj/LaunchScreen.storyboard; sourceTree = "<group>"; };
		EEDE31851D526F1E001B4F89 /* Info.plist */ = {isa = PBXFileReference; lastKnownFileType = text.plist.xml; path = Info.plist; sourceTree = "<group>"; };
		EEDE318B1D526F54001B4F89 /* FriendsTableViewController.h */ = {isa = PBXFileReference; fileEncoding = 4; lastKnownFileType = sourcecode.c.h; path = FriendsTableViewController.h; sourceTree = "<group>"; };
		EEDE318C1D526F54001B4F89 /* FriendsTableViewController.m */ = {isa = PBXFileReference; fileEncoding = 4; lastKnownFileType = sourcecode.c.objc; path = FriendsTableViewController.m; sourceTree = "<group>"; };
		EEDE318E1D5271BE001B4F89 /* APIController.h */ = {isa = PBXFileReference; fileEncoding = 4; lastKnownFileType = sourcecode.c.h; path = APIController.h; sourceTree = "<group>"; };
		EEDE318F1D5271BE001B4F89 /* APIController.m */ = {isa = PBXFileReference; fileEncoding = 4; lastKnownFileType = sourcecode.c.objc; path = APIController.m; sourceTree = "<group>"; };
/* End PBXFileReference section */

/* Begin PBXFrameworksBuildPhase section */
		EEDE316E1D526F1E001B4F89 /* Frameworks */ = {
			isa = PBXFrameworksBuildPhase;
			buildActionMask = 2147483647;
			files = (
			);
			runOnlyForDeploymentPostprocessing = 0;
		};
/* End PBXFrameworksBuildPhase section */

/* Begin PBXGroup section */
		EEDE31681D526F1E001B4F89 = {
			isa = PBXGroup;
			children = (
				EEDE31731D526F1E001B4F89 /* GithubFriends */,
				EEDE31721D526F1E001B4F89 /* Products */,
			);
			sourceTree = "<group>";
		};
		EEDE31721D526F1E001B4F89 /* Products */ = {
			isa = PBXGroup;
			children = (
				EEDE31711D526F1E001B4F89 /* GithubFriends.app */,
			);
			name = Products;
			sourceTree = "<group>";
		};
		EEDE31731D526F1E001B4F89 /* GithubFriends */ = {
			isa = PBXGroup;
			children = (
				EEDE31771D526F1E001B4F89 /* AppDelegate.h */,
				EEDE31781D526F1E001B4F89 /* AppDelegate.m */,
				EEDE318E1D5271BE001B4F89 /* APIController.h */,
				EEDE318F1D5271BE001B4F89 /* APIController.m */,
				EE60AD341D903B06008B049A /* DetailViewController.h */,
				EE60AD351D903B06008B049A /* DetailViewController.m */,
				EE60AD2E1D9037F3008B049A /* Friend.h */,
				EE60AD2F1D9037F3008B049A /* Friend.m */,
				EEDE318B1D526F54001B4F89 /* FriendsTableViewController.h */,
				EEDE318C1D526F54001B4F89 /* FriendsTableViewController.m */,
				EE60AD311D903987008B049A /* SearchViewController.h */,
				EE60AD321D903987008B049A /* SearchViewController.m */,
				EE60AD3B1D903F0F008B049A /* Main.storyboard */,
				EEDE31821D526F1E001B4F89 /* LaunchScreen.storyboard */,
				EEDE31801D526F1E001B4F89 /* Assets.xcassets */,
				EEDE31851D526F1E001B4F89 /* Info.plist */,
				EEDE31741D526F1E001B4F89 /* Supporting Files */,
			);
			path = GithubFriends;
			sourceTree = "<group>";
		};
		EEDE31741D526F1E001B4F89 /* Supporting Files */ = {
			isa = PBXGroup;
			children = (
				EE60AD391D903EF6008B049A /* luke.png */,
				EEDE31751D526F1E001B4F89 /* main.m */,
			);
			name = "Supporting Files";
			sourceTree = "<group>";
		};
/* End PBXGroup section */

/* Begin PBXNativeTarget section */
		EEDE31701D526F1E001B4F89 /* GithubFriends */ = {
			isa = PBXNativeTarget;
			buildConfigurationList = EEDE31881D526F1E001B4F89 /* Build configuration list for PBXNativeTarget "GithubFriends" */;
			buildPhases = (
				EEDE316D1D526F1E001B4F89 /* Sources */,
				EEDE316E1D526F1E001B4F89 /* Frameworks */,
				EEDE316F1D526F1E001B4F89 /* Resources */,
			);
			buildRules = (
			);
			dependencies = (
			);
			name = GithubFriends;
			productName = GithubFriends;
			productReference = EEDE31711D526F1E001B4F89 /* GithubFriends.app */;
			productType = "com.apple.product-type.application";
		};
/* End PBXNativeTarget section */

/* Begin PBXProject section */
		EEDE31691D526F1E001B4F89 /* Project object */ = {
			isa = PBXProject;
			attributes = {
				LastUpgradeCheck = 0800;
				ORGANIZATIONNAME = "The Iron Yard";
				TargetAttributes = {
					EEDE31701D526F1E001B4F89 = {
						CreatedOnToolsVersion = 7.3.1;
					};
				};
			};
			buildConfigurationList = EEDE316C1D526F1E001B4F89 /* Build configuration list for PBXProject "GithubFriends" */;
			compatibilityVersion = "Xcode 3.2";
			developmentRegion = English;
			hasScannedForEncodings = 0;
			knownRegions = (
				en,
				Base,
			);
			mainGroup = EEDE31681D526F1E001B4F89;
			productRefGroup = EEDE31721D526F1E001B4F89 /* Products */;
			projectDirPath = "";
			projectRoot = "";
			targets = (
				EEDE31701D526F1E001B4F89 /* GithubFriends */,
			);
		};
/* End PBXProject section */

/* Begin PBXResourcesBuildPhase section */
		EEDE316F1D526F1E001B4F89 /* Resources */ = {
			isa = PBXResourcesBuildPhase;
			buildActionMask = 2147483647;
			files = (
				EE60AD3A1D903EF6008B049A /* luke.png in Resources */,
				EEDE31841D526F1E001B4F89 /* LaunchScreen.storyboard in Resources */,
				EEDE31811D526F1E001B4F89 /* Assets.xcassets in Resources */,
				EE60AD3C1D903F0F008B049A /* Main.storyboard in Resources */,
			);
			runOnlyForDeploymentPostprocessing = 0;
		};
/* End PBXResourcesBuildPhase section */

/* Begin PBXSourcesBuildPhase section */
		EEDE316D1D526F1E001B4F89 /* Sources */ = {
			isa = PBXSourcesBuildPhase;
			buildActionMask = 2147483647;
			files = (
				EEDE31901D5271BE001B4F89 /* APIController.m in Sources */,
				EE60AD301D9037F3008B049A /* Friend.m in Sources */,
				EEDE318D1D526F54001B4F89 /* FriendsTableViewController.m in Sources */,
				EEDE31791D526F1E001B4F89 /* AppDelegate.m in Sources */,
				EE60AD331D903987008B049A /* SearchViewController.m in Sources */,
				EEDE31761D526F1E001B4F89 /* main.m in Sources */,
				EE60AD361D903B06008B049A /* DetailViewController.m in Sources */,
			);
			runOnlyForDeploymentPostprocessing = 0;
		};
/* End PBXSourcesBuildPhase section */

/* Begin PBXVariantGroup section */
		EEDE31821D526F1E001B4F89 /* LaunchScreen.storyboard */ = {
			isa = PBXVariantGroup;
			children = (
				EEDE31831D526F1E001B4F89 /* Base */,
			);
			name = LaunchScreen.storyboard;
			sourceTree = "<group>";
		};
/* End PBXVariantGroup section */

/* Begin XCBuildConfiguration section */
		EEDE31861D526F1E001B4F89 /* Debug */ = {
			isa = XCBuildConfiguration;
			buildSettings = {
				ALWAYS_SEARCH_USER_PATHS = NO;
				CLANG_ANALYZER_NONNULL = YES;
				CLANG_CXX_LANGUAGE_STANDARD = "gnu++0x";
				CLANG_CXX_LIBRARY = "libc++";
				CLANG_ENABLE_MODULES = YES;
				CLANG_ENABLE_OBJC_ARC = YES;
				CLANG_WARN_BOOL_CONVERSION = YES;
				CLANG_WARN_CONSTANT_CONVERSION = YES;
				CLANG_WARN_DIRECT_OBJC_ISA_USAGE = YES_ERROR;
				CLANG_WARN_EMPTY_BODY = YES;
				CLANG_WARN_ENUM_CONVERSION = YES;
				CLANG_WARN_INFINITE_RECURSION = YES;
				CLANG_WARN_INT_CONVERSION = YES;
				CLANG_WARN_OBJC_ROOT_CLASS = YES_ERROR;
				CLANG_WARN_SUSPICIOUS_MOVE = YES;
				CLANG_WARN_UNREACHABLE_CODE = YES;
				CLANG_WARN__DUPLICATE_METHOD_MATCH = YES;
				"CODE_SIGN_IDENTITY[sdk=iphoneos*]" = "iPhone Developer";
				COPY_PHASE_STRIP = NO;
				DEBUG_INFORMATION_FORMAT = dwarf;
				ENABLE_STRICT_OBJC_MSGSEND = YES;
				ENABLE_TESTABILITY = YES;
				GCC_C_LANGUAGE_STANDARD = gnu99;
				GCC_DYNAMIC_NO_PIC = NO;
				GCC_NO_COMMON_BLOCKS = YES;
				GCC_OPTIMIZATION_LEVEL = 0;
				GCC_PREPROCESSOR_DEFINITIONS = (
					"DEBUG=1",
					"$(inherited)",
				);
				GCC_WARN_64_TO_32_BIT_CONVERSION = YES;
				GCC_WARN_ABOUT_RETURN_TYPE = YES_ERROR;
				GCC_WARN_UNDECLARED_SELECTOR = YES;
				GCC_WARN_UNINITIALIZED_AUTOS = YES_AGGRESSIVE;
				GCC_WARN_UNUSED_FUNCTION = YES;
				GCC_WARN_UNUSED_VARIABLE = YES;
				IPHONEOS_DEPLOYMENT_TARGET = 9.3;
				MTL_ENABLE_DEBUG_INFO = YES;
				ONLY_ACTIVE_ARCH = YES;
				SDKROOT = iphoneos;
			};
			name = Debug;
		};
		EEDE31871D526F1E001B4F89 /* Release */ = {
			isa = XCBuildConfiguration;
			buildSettings = {
				ALWAYS_SEARCH_USER_PATHS = NO;
				CLANG_ANALYZER_NONNULL = YES;
				CLANG_CXX_LANGUAGE_STANDARD = "gnu++0x";
				CLANG_CXX_LIBRARY = "libc++";
				CLANG_ENABLE_MODULES = YES;
				CLANG_ENABLE_OBJC_ARC = YES;
				CLANG_WARN_BOOL_CONVERSION = YES;
				CLANG_WARN_CONSTANT_CONVERSION = YES;
				CLANG_WARN_DIRECT_OBJC_ISA_USAGE = YES_ERROR;
				CLANG_WARN_EMPTY_BODY = YES;
				CLANG_WARN_ENUM_CONVERSION = YES;
				CLANG_WARN_INFINITE_RECURSION = YES;
				CLANG_WARN_INT_CONVERSION = YES;
				CLANG_WARN_OBJC_ROOT_CLASS = YES_ERROR;
				CLANG_WARN_SUSPICIOUS_MOVE = YES;
				CLANG_WARN_UNREACHABLE_CODE = YES;
				CLANG_WARN__DUPLICATE_METHOD_MATCH = YES;
				"CODE_SIGN_IDENTITY[sdk=iphoneos*]" = "iPhone Developer";
				COPY_PHASE_STRIP = NO;
				DEBUG_INFORMATION_FORMAT = "dwarf-with-dsym";
				ENABLE_NS_ASSERTIONS = NO;
				ENABLE_STRICT_OBJC_MSGSEND = YES;
				GCC_C_LANGUAGE_STANDARD = gnu99;
				GCC_NO_COMMON_BLOCKS = YES;
				GCC_WARN_64_TO_32_BIT_CONVERSION = YES;
				GCC_WARN_ABOUT_RETURN_TYPE = YES_ERROR;
				GCC_WARN_UNDECLARED_SELECTOR = YES;
				GCC_WARN_UNINITIALIZED_AUTOS = YES_AGGRESSIVE;
				GCC_WARN_UNUSED_FUNCTION = YES;
				GCC_WARN_UNUSED_VARIABLE = YES;
				IPHONEOS_DEPLOYMENT_TARGET = 9.3;
				MTL_ENABLE_DEBUG_INFO = NO;
				SDKROOT = iphoneos;
				VALIDATE_PRODUCT = YES;
			};
			name = Release;
		};
		EEDE31891D526F1E001B4F89 /* Debug */ = {
			isa = XCBuildConfiguration;
			buildSettings = {
				ASSETCATALOG_COMPILER_APPICON_NAME = AppIcon;
				INFOPLIST_FILE = GithubFriends/Info.plist;
				LD_RUNPATH_SEARCH_PATHS = "$(inherited) @executable_path/Frameworks";
				PRODUCT_BUNDLE_IDENTIFIER = com.tiy.GithubFriends;
				PRODUCT_NAME = "$(TARGET_NAME)";
			};
			name = Debug;
		};
		EEDE318A1D526F1E001B4F89 /* Release */ = {
			isa = XCBuildConfiguration;
			buildSettings = {
				ASSETCATALOG_COMPILER_APPICON_NAME = AppIcon;
				INFOPLIST_FILE = GithubFriends/Info.plist;
				LD_RUNPATH_SEARCH_PATHS = "$(inherited) @executable_path/Frameworks";
				PRODUCT_BUNDLE_IDENTIFIER = com.tiy.GithubFriends;
				PRODUCT_NAME = "$(TARGET_NAME)";
			};
			name = Release;
		};
/* End XCBuildConfiguration section */

/* Begin XCConfigurationList section */
		EEDE316C1D526F1E001B4F89 /* Build configuration list for PBXProject "GithubFriends" */ = {
			isa = XCConfigurationList;
			buildConfigurations = (
				EEDE31861D526F1E001B4F89 /* Debug */,
				EEDE31871D526F1E001B4F89 /* Release */,
			);
			defaultConfigurationIsVisible = 0;
			defaultConfigurationName = Release;
		};
		EEDE31881D526F1E001B4F89 /* Build configuration list for PBXNativeTarget "GithubFriends" */ = {
			isa = XCConfigurationList;
			buildConfigurations = (
				EEDE31891D526F1E001B4F89 /* Debug */,
				EEDE318A1D526F1E001B4F89 /* Release */,
			);
			defaultConfigurationIsVisible = 0;
			defaultConfigurationName = Release;
		};
/* End XCConfigurationList section */
	};
	rootObject = EEDE31691D526F1E001B4F89 /* Project object */;
}
